
Microsoft Visual Studio Solution File, Format Version 12.00
# Visual Studio Express 2012 for Web
Project("{FAE04EC0-301F-11D3-BF4B-00C04F79EFBC}") = "Catalogue", "Catalogue\Catalogue.csproj", "{99F2EA6D-3F4A-4A12-832B-A07A12140A54}"
EndProject
Project("{FAE04EC0-301F-11D3-BF4B-00C04F79EFBC}") = "Catalogue.Tests", "Catalogue.Tests\Catalogue.Tests.csproj", "{7D61101F-A6A2-42B9-8663-EB8D60E7F626}"
EndProject
Global
	GlobalSection(SolutionConfigurationPlatforms) = preSolution
		Debug|Any CPU = Debug|Any CPU
		Release|Any CPU = Release|Any CPU
	EndGlobalSection
	GlobalSection(ProjectConfigurationPlatforms) = postSolution
		{99F2EA6D-3F4A-4A12-832B-A07A12140A54}.Debug|Any CPU.ActiveCfg = Debug|Any CPU
		{99F2EA6D-3F4A-4A12-832B-A07A12140A54}.Debug|Any CPU.Build.0 = Debug|Any CPU
		{99F2EA6D-3F4A-4A12-832B-A07A12140A54}.Release|Any CPU.ActiveCfg = Release|Any CPU
		{99F2EA6D-3F4A-4A12-832B-A07A12140A54}.Release|Any CPU.Build.0 = Release|Any CPU
		{7D61101F-A6A2-42B9-8663-EB8D60E7F626}.Debug|Any CPU.ActiveCfg = Debug|Any CPU
		{7D61101F-A6A2-42B9-8663-EB8D60E7F626}.Debug|Any CPU.Build.0 = Debug|Any CPU
		{7D61101F-A6A2-42B9-8663-EB8D60E7F626}.Release|Any CPU.ActiveCfg = Release|Any CPU
		{7D61101F-A6A2-42B9-8663-EB8D60E7F626}.Release|Any CPU.Build.0 = Release|Any CPU
	EndGlobalSection
	GlobalSection(SolutionProperties) = preSolution
		HideSolutionNode = FALSE
	EndGlobalSection
EndGlobal
